
Microsoft Visual Studio Solution File, Format Version 12.00
# Visual Studio Version 17
VisualStudioVersion = 17.3.32825.248
MinimumVisualStudioVersion = 10.0.40219.1
Project("{FAE04EC0-301F-11D3-BF4B-00C04F79EFBC}") = "UserRegistration", "UserRegistration.csproj", "{A5CF6C22-8502-4EE7-ADE6-8B9EA41FFDA1}"
EndProject
Global
	GlobalSection(SolutionConfigurationPlatforms) = preSolution
		Debug|Any CPU = Debug|Any CPU
		Release|Any CPU = Release|Any CPU
	EndGlobalSection
	GlobalSection(ProjectConfigurationPlatforms) = postSolution
		{A5CF6C22-8502-4EE7-ADE6-8B9EA41FFDA1}.Debug|Any CPU.ActiveCfg = Debug|Any CPU
		{A5CF6C22-8502-4EE7-ADE6-8B9EA41FFDA1}.Debug|Any CPU.Build.0 = Debug|Any CPU
		{A5CF6C22-8502-4EE7-ADE6-8B9EA41FFDA1}.Release|Any CPU.ActiveCfg = Release|Any CPU
		{A5CF6C22-8502-4EE7-ADE6-8B9EA41FFDA1}.Release|Any CPU.Build.0 = Release|Any CPU
	EndGlobalSection
	GlobalSection(SolutionProperties) = preSolution
		HideSolutionNode = FALSE
	EndGlobalSection
	GlobalSection(ExtensibilityGlobals) = postSolution
		SolutionGuid = {EE0A59FA-E3FF-41CB-AF64-CED89972B6E0}
	EndGlobalSection
EndGlobal
